// !$*UTF8*$!
{
	archiveVersion = 1;
	classes = {
	};
	objectVersion = 46;
	objects = {

/* Begin PBXBuildFile section */
		90BCA06D1CC46B52007B7CEA /* main.m in Sources */ = {isa = PBXBuildFile; fileRef = 90BCA06C1CC46B52007B7CEA /* main.m */; };
		90BCA0701CC46B52007B7CEA /* AppDelegate.m in Sources */ = {isa = PBXBuildFile; fileRef = 90BCA06F1CC46B52007B7CEA /* AppDelegate.m */; };
		90BCA0731CC46B52007B7CEA /* ViewController.m in Sources */ = {isa = PBXBuildFile; fileRef = 90BCA0721CC46B52007B7CEA /* ViewController.m */; };
		90BCA0761CC46B52007B7CEA /* Main.storyboard in Resources */ = {isa = PBXBuildFile; fileRef = 90BCA0741CC46B52007B7CEA /* Main.storyboard */; };
		90BCA0781CC46B52007B7CEA /* Assets.xcassets in Resources */ = {isa = PBXBuildFile; fileRef = 90BCA0771CC46B52007B7CEA /* Assets.xcassets */; };
		90BCA07B1CC46B52007B7CEA /* LaunchScreen.storyboard in Resources */ = {isa = PBXBuildFile; fileRef = 90BCA0791CC46B52007B7CEA /* LaunchScreen.storyboard */; };
/* End PBXBuildFile section */

/* Begin PBXFileReference section */
		90BCA0681CC46B51007B7CEA /* 001-使用开关控制"灯泡".app */ = {isa = PBXFileReference; explicitFileType = wrapper.application; includeInIndex = 0; path = "001-使用开关控制\"灯泡\".app"; sourceTree = BUILT_PRODUCTS_DIR; };
		90BCA06C1CC46B52007B7CEA /* main.m */ = {isa = PBXFileReference; lastKnownFileType = sourcecode.c.objc; path = main.m; sourceTree = "<group>"; };
		90BCA06E1CC46B52007B7CEA /* AppDelegate.h */ = {isa = PBXFileReference; lastKnownFileType = sourcecode.c.h; path = AppDelegate.h; sourceTree = "<group>"; };
		90BCA06F1CC46B52007B7CEA /* AppDelegate.m */ = {isa = PBXFileReference; lastKnownFileType = sourcecode.c.objc; path = AppDelegate.m; sourceTree = "<group>"; };
		90BCA0711CC46B52007B7CEA /* ViewController.h */ = {isa = PBXFileReference; lastKnownFileType = sourcecode.c.h; path = ViewController.h; sourceTree = "<group>"; };
		90BCA0721CC46B52007B7CEA /* ViewController.m */ = {isa = PBXFileReference; lastKnownFileType = sourcecode.c.objc; path = ViewController.m; sourceTree = "<group>"; };
		90BCA0751CC46B52007B7CEA /* Base */ = {isa = PBXFileReference; lastKnownFileType = file.storyboard; name = Base; path = Base.lproj/Main.storyboard; sourceTree = "<group>"; };
		90BCA0771CC46B52007B7CEA /* Assets.xcassets */ = {isa = PBXFileReference; lastKnownFileType = folder.assetcatalog; path = Assets.xcassets; sourceTree = "<group>"; };
		90BCA07A1CC46B52007B7CEA /* Base */ = {isa = PBXFileReference; lastKnownFileType = file.storyboard; name = Base; path = Base.lproj/LaunchScreen.storyboard; sourceTree = "<group>"; };
		90BCA07C1CC46B52007B7CEA /* Info.plist */ = {isa = PBXFileReference; lastKnownFileType = text.plist.xml; path = Info.plist; sourceTree = "<group>"; };
/* End PBXFileReference section */

/* Begin PBXFrameworksBuildPhase section */
		90BCA0651CC46B51007B7CEA /* Frameworks */ = {
			isa = PBXFrameworksBuildPhase;
			buildActionMask = 2147483647;
			files = (
			);
			runOnlyForDeploymentPostprocessing = 0;
		};
/* End PBXFrameworksBuildPhase section */

/* Begin PBXGroup section */
		90BCA05F1CC46B51007B7CEA = {
			isa = PBXGroup;
			children = (
				90BCA06A1CC46B51007B7CEA /* 001-使用开关控制"灯泡" */,
				90BCA0691CC46B51007B7CEA /* Products */,
			);
			sourceTree = "<group>";
		};
		90BCA0691CC46B51007B7CEA /* Products */ = {
			isa = PBXGroup;
			children = (
				90BCA0681CC46B51007B7CEA /* 001-使用开关控制"灯泡".app */,
			);
			name = Products;
			sourceTree = "<group>";
		};
		90BCA06A1CC46B51007B7CEA /* 001-使用开关控制"灯泡" */ = {
			isa = PBXGroup;
			children = (
				90BCA06E1CC46B52007B7CEA /* AppDelegate.h */,
				90BCA06F1CC46B52007B7CEA /* AppDelegate.m */,
				90BCA0711CC46B52007B7CEA /* ViewController.h */,
				90BCA0721CC46B52007B7CEA /* ViewController.m */,
				90BCA0741CC46B52007B7CEA /* Main.storyboard */,
				90BCA0771CC46B52007B7CEA /* Assets.xcassets */,
				90BCA0791CC46B52007B7CEA /* LaunchScreen.storyboard */,
				90BCA07C1CC46B52007B7CEA /* Info.plist */,
				90BCA06B1CC46B52007B7CEA /* Supporting Files */,
			);
			path = "001-使用开关控制\"灯泡\"";
			sourceTree = "<group>";
		};
		90BCA06B1CC46B52007B7CEA /* Supporting Files */ = {
			isa = PBXGroup;
			children = (
				90BCA06C1CC46B52007B7CEA /* main.m */,
			);
			name = "Supporting Files";
			sourceTree = "<group>";
		};
/* End PBXGroup section */

/* Begin PBXNativeTarget section */
		90BCA0671CC46B51007B7CEA /* 001-使用开关控制"灯泡" */ = {
			isa = PBXNativeTarget;
			buildConfigurationList = 90BCA07F1CC46B52007B7CEA /* Build configuration list for PBXNativeTarget "001-使用开关控制"灯泡"" */;
			buildPhases = (
				90BCA0641CC46B51007B7CEA /* Sources */,
				90BCA0651CC46B51007B7CEA /* Frameworks */,
				90BCA0661CC46B51007B7CEA /* Resources */,
			);
			buildRules = (
			);
			dependencies = (
			);
			name = "001-使用开关控制\"灯泡\"";
			productName = "001-使用开关控制\"灯泡\"";
			productReference = 90BCA0681CC46B51007B7CEA /* 001-使用开关控制"灯泡".app */;
			productType = "com.apple.product-type.application";
		};
/* End PBXNativeTarget section */

/* Begin PBXProject section */
		90BCA0601CC46B51007B7CEA /* Project object */ = {
			isa = PBXProject;
			attributes = {
				LastUpgradeCheck = 0730;
				ORGANIZATIONNAME = IOS;
				TargetAttributes = {
					90BCA0671CC46B51007B7CEA = {
						CreatedOnToolsVersion = 7.3;
						DevelopmentTeam = CWT6FLBDWF;
					};
				};
			};
			buildConfigurationList = 90BCA0631CC46B51007B7CEA /* Build configuration list for PBXProject "001-使用开关控制"灯泡"" */;
			compatibilityVersion = "Xcode 3.2";
			developmentRegion = English;
			hasScannedForEncodings = 0;
			knownRegions = (
				en,
				Base,
			);
			mainGroup = 90BCA05F1CC46B51007B7CEA;
			productRefGroup = 90BCA0691CC46B51007B7CEA /* Products */;
			projectDirPath = "";
			projectRoot = "";
			targets = (
				90BCA0671CC46B51007B7CEA /* 001-使用开关控制"灯泡" */,
			);
		};
/* End PBXProject section */

/* Begin PBXResourcesBuildPhase section */
		90BCA0661CC46B51007B7CEA /* Resources */ = {
			isa = PBXResourcesBuildPhase;
			buildActionMask = 2147483647;
			files = (
				90BCA07B1CC46B52007B7CEA /* LaunchScreen.storyboard in Resources */,
				90BCA0781CC46B52007B7CEA /* Assets.xcassets in Resources */,
				90BCA0761CC46B52007B7CEA /* Main.storyboard in Resources */,
			);
			runOnlyForDeploymentPostprocessing = 0;
		};
/* End PBXResourcesBuildPhase section */

/* Begin PBXSourcesBuildPhase section */
		90BCA0641CC46B51007B7CEA /* Sources */ = {
			isa = PBXSourcesBuildPhase;
			buildActionMask = 2147483647;
			files = (
				90BCA0731CC46B52007B7CEA /* ViewController.m in Sources */,
				90BCA0701CC46B52007B7CEA /* AppDelegate.m in Sources */,
				90BCA06D1CC46B52007B7CEA /* main.m in Sources */,
			);
			runOnlyForDeploymentPostprocessing = 0;
		};
/* End PBXSourcesBuildPhase section */

/* Begin PBXVariantGroup section */
		90BCA0741CC46B52007B7CEA /* Main.storyboard */ = {
			isa = PBXVariantGroup;
			children = (
				90BCA0751CC46B52007B7CEA /* Base */,
			);
			name = Main.storyboard;
			sourceTree = "<group>";
		};
		90BCA0791CC46B52007B7CEA /* LaunchScreen.storyboard */ = {
			isa = PBXVariantGroup;
			children = (
				90BCA07A1CC46B52007B7CEA /* Base */,
			);
			name = LaunchScreen.storyboard;
			sourceTree = "<group>";
		};
/* End PBXVariantGroup section */

/* Begin XCBuildConfiguration section */
		90BCA07D1CC46B52007B7CEA /* Debug */ = {
			isa = XCBuildConfiguration;
			buildSettings = {
				ALWAYS_SEARCH_USER_PATHS = NO;
				CLANG_ANALYZER_NONNULL = YES;
				CLANG_CXX_LANGUAGE_STANDARD = "gnu++0x";
				CLANG_CXX_LIBRARY = "libc++";
				CLANG_ENABLE_MODULES = YES;
				CLANG_ENABLE_OBJC_ARC = YES;
				CLANG_WARN_BOOL_CONVERSION = YES;
				CLANG_WARN_CONSTANT_CONVERSION = YES;
				CLANG_WARN_DIRECT_OBJC_ISA_USAGE = YES_ERROR;
				CLANG_WARN_EMPTY_BODY = YES;
				CLANG_WARN_ENUM_CONVERSION = YES;
				CLANG_WARN_INT_CONVERSION = YES;
				CLANG_WARN_OBJC_ROOT_CLASS = YES_ERROR;
				CLANG_WARN_UNREACHABLE_CODE = YES;
				CLANG_WARN__DUPLICATE_METHOD_MATCH = YES;
				"CODE_SIGN_IDENTITY[sdk=iphoneos*]" = "iPhone Developer";
				COPY_PHASE_STRIP = NO;
				DEBUG_INFORMATION_FORMAT = dwarf;
				ENABLE_STRICT_OBJC_MSGSEND = YES;
				ENABLE_TESTABILITY = YES;
				GCC_C_LANGUAGE_STANDARD = gnu99;
				GCC_DYNAMIC_NO_PIC = NO;
				GCC_NO_COMMON_BLOCKS = YES;
				GCC_OPTIMIZATION_LEVEL = 0;
				GCC_PREPROCESSOR_DEFINITIONS = (
					"DEBUG=1",
					"$(inherited)",
				);
				GCC_WARN_64_TO_32_BIT_CONVERSION = YES;
				GCC_WARN_ABOUT_RETURN_TYPE = YES_ERROR;
				GCC_WARN_UNDECLARED_SELECTOR = YES;
				GCC_WARN_UNINITIALIZED_AUTOS = YES_AGGRESSIVE;
				GCC_WARN_UNUSED_FUNCTION = YES;
				GCC_WARN_UNUSED_VARIABLE = YES;
				IPHONEOS_DEPLOYMENT_TARGET = 9.3;
				MTL_ENABLE_DEBUG_INFO = YES;
				ONLY_ACTIVE_ARCH = YES;
				SDKROOT = iphoneos;
			};
			name = Debug;
		};
		90BCA07E1CC46B52007B7CEA /* Release */ = {
			isa = XCBuildConfiguration;
			buildSettings = {
				ALWAYS_SEARCH_USER_PATHS = NO;
				CLANG_ANALYZER_NONNULL = YES;
				CLANG_CXX_LANGUAGE_STANDARD = "gnu++0x";
				CLANG_CXX_LIBRARY = "libc++";
				CLANG_ENABLE_MODULES = YES;
				CLANG_ENABLE_OBJC_ARC = YES;
				CLANG_WARN_BOOL_CONVERSION = YES;
				CLANG_WARN_CONSTANT_CONVERSION = YES;
				CLANG_WARN_DIRECT_OBJC_ISA_USAGE = YES_ERROR;
				CLANG_WARN_EMPTY_BODY = YES;
				CLANG_WARN_ENUM_CONVERSION = YES;
				CLANG_WARN_INT_CONVERSION = YES;
				CLANG_WARN_OBJC_ROOT_CLASS = YES_ERROR;
				CLANG_WARN_UNREACHABLE_CODE = YES;
				CLANG_WARN__DUPLICATE_METHOD_MATCH = YES;
				"CODE_SIGN_IDENTITY[sdk=iphoneos*]" = "iPhone Developer";
				COPY_PHASE_STRIP = NO;
				DEBUG_INFORMATION_FORMAT = "dwarf-with-dsym";
				ENABLE_NS_ASSERTIONS = NO;
				ENABLE_STRICT_OBJC_MSGSEND = YES;
				GCC_C_LANGUAGE_STANDARD = gnu99;
				GCC_NO_COMMON_BLOCKS = YES;
				GCC_WARN_64_TO_32_BIT_CONVERSION = YES;
				GCC_WARN_ABOUT_RETURN_TYPE = YES_ERROR;
				GCC_WARN_UNDECLARED_SELECTOR = YES;
				GCC_WARN_UNINITIALIZED_AUTOS = YES_AGGRESSIVE;
				GCC_WARN_UNUSED_FUNCTION = YES;
				GCC_WARN_UNUSED_VARIABLE = YES;
				IPHONEOS_DEPLOYMENT_TARGET = 9.3;
				MTL_ENABLE_DEBUG_INFO = NO;
				SDKROOT = iphoneos;
				VALIDATE_PRODUCT = YES;
			};
			name = Release;
		};
		90BCA0801CC46B52007B7CEA /* Debug */ = {
			isa = XCBuildConfiguration;
			buildSettings = {
				ASSETCATALOG_COMPILER_APPICON_NAME = AppIcon;
				INFOPLIST_FILE = "001-使用开关控制\"灯泡\"/Info.plist";
				LD_RUNPATH_SEARCH_PATHS = "$(inherited) @executable_path/Frameworks";
				PRODUCT_BUNDLE_IDENTIFIER = "com.ios.-01-----------";
				PRODUCT_NAME = "$(TARGET_NAME)";
			};
			name = Debug;
		};
		90BCA0811CC46B52007B7CEA /* Release */ = {
			isa = XCBuildConfiguration;
			buildSettings = {
				ASSETCATALOG_COMPILER_APPICON_NAME = AppIcon;
				INFOPLIST_FILE = "001-使用开关控制\"灯泡\"/Info.plist";
				LD_RUNPATH_SEARCH_PATHS = "$(inherited) @executable_path/Frameworks";
				PRODUCT_BUNDLE_IDENTIFIER = "com.ios.-01-----------";
				PRODUCT_NAME = "$(TARGET_NAME)";
			};
			name = Release;
		};
/* End XCBuildConfiguration section */

/* Begin XCConfigurationList section */
		90BCA0631CC46B51007B7CEA /* Build configuration list for PBXProject "001-使用开关控制"灯泡"" */ = {
			isa = XCConfigurationList;
			buildConfigurations = (
				90BCA07D1CC46B52007B7CEA /* Debug */,
				90BCA07E1CC46B52007B7CEA /* Release */,
			);
			defaultConfigurationIsVisible = 0;
			defaultConfigurationName = Release;
		};
		90BCA07F1CC46B52007B7CEA /* Build configuration list for PBXNativeTarget "001-使用开关控制"灯泡"" */ = {
			isa = XCConfigurationList;
			buildConfigurations = (
				90BCA0801CC46B52007B7CEA /* Debug */,
				90BCA0811CC46B52007B7CEA /* Release */,
			);
			defaultConfigurationIsVisible = 0;
		};
/* End XCConfigurationList section */
	};
	rootObject = 90BCA0601CC46B51007B7CEA /* Project object */;
}
